
Microsoft Visual Studio Solution File, Format Version 12.00
# Visual Studio 15
VisualStudioVersion = 15.0.28307.572
MinimumVisualStudioVersion = 10.0.40219.1
Project("{FAE04EC0-301F-11D3-BF4B-00C04F79EFBC}") = "WindowsFormsApp20160705", "WindowsFormsApp20160705\WindowsFormsApp20160705.csproj", "{19D6687A-2F65-460C-82F2-D235EEA5951C}"
EndProject
Global
	GlobalSection(SolutionConfigurationPlatforms) = preSolution
		Debug|Any CPU = Debug|Any CPU
		Release|Any CPU = Release|Any CPU
	EndGlobalSection
	GlobalSection(ProjectConfigurationPlatforms) = postSolution
		{19D6687A-2F65-460C-82F2-D235EEA5951C}.Debug|Any CPU.ActiveCfg = Debug|Any CPU
		{19D6687A-2F65-460C-82F2-D235EEA5951C}.Debug|Any CPU.Build.0 = Debug|Any CPU
		{19D6687A-2F65-460C-82F2-D235EEA5951C}.Release|Any CPU.ActiveCfg = Release|Any CPU
		{19D6687A-2F65-460C-82F2-D235EEA5951C}.Release|Any CPU.Build.0 = Release|Any CPU
	EndGlobalSection
	GlobalSection(SolutionProperties) = preSolution
		HideSolutionNode = FALSE
	EndGlobalSection
	GlobalSection(ExtensibilityGlobals) = postSolution
		SolutionGuid = {91ABCD9C-168D-4C8D-A84B-F57522C40144}
	EndGlobalSection
EndGlobal
